
Microsoft Visual Studio Solution File, Format Version 12.00
# Visual Studio Version 16
VisualStudioVersion = 16.0.32630.194
MinimumVisualStudioVersion = 10.0.40219.1
Project("{FAE04EC0-301F-11D3-BF4B-00C04F79EFBC}") = "Invoice_Module", "Invoice_Module\Invoice_Module.csproj", "{31A2618F-34AE-446F-B6F8-444C97099BF9}"
EndProject
Global
	GlobalSection(SolutionConfigurationPlatforms) = preSolution
		Debug|Any CPU = Debug|Any CPU
		Release|Any CPU = Release|Any CPU
	EndGlobalSection
	GlobalSection(ProjectConfigurationPlatforms) = postSolution
		{31A2618F-34AE-446F-B6F8-444C97099BF9}.Debug|Any CPU.ActiveCfg = Debug|Any CPU
		{31A2618F-34AE-446F-B6F8-444C97099BF9}.Debug|Any CPU.Build.0 = Debug|Any CPU
		{31A2618F-34AE-446F-B6F8-444C97099BF9}.Release|Any CPU.ActiveCfg = Release|Any CPU
		{31A2618F-34AE-446F-B6F8-444C97099BF9}.Release|Any CPU.Build.0 = Release|Any CPU
	EndGlobalSection
	GlobalSection(SolutionProperties) = preSolution
		HideSolutionNode = FALSE
	EndGlobalSection
	GlobalSection(ExtensibilityGlobals) = postSolution
		SolutionGuid = {513999BE-FF4A-4481-BE4E-583F7E033AFB}
	EndGlobalSection
EndGlobal
